
Microsoft Visual Studio Solution File, Format Version 12.00
# Visual Studio Version 16
VisualStudioVersion = 16.0.30517.126
MinimumVisualStudioVersion = 10.0.40219.1
Project("{FAE04EC0-301F-11D3-BF4B-00C04F79EFBC}") = "SurfLocalShop", "SurfLocalShop\SurfLocalShop.csproj", "{6E348BB0-4C18-4AB4-BF42-38CE522B491B}"
EndProject
Global
	GlobalSection(SolutionConfigurationPlatforms) = preSolution
		Debug|Any CPU = Debug|Any CPU
		Release|Any CPU = Release|Any CPU
	EndGlobalSection
	GlobalSection(ProjectConfigurationPlatforms) = postSolution
		{6E348BB0-4C18-4AB4-BF42-38CE522B491B}.Debug|Any CPU.ActiveCfg = Debug|Any CPU
		{6E348BB0-4C18-4AB4-BF42-38CE522B491B}.Debug|Any CPU.Build.0 = Debug|Any CPU
		{6E348BB0-4C18-4AB4-BF42-38CE522B491B}.Release|Any CPU.ActiveCfg = Release|Any CPU
		{6E348BB0-4C18-4AB4-BF42-38CE522B491B}.Release|Any CPU.Build.0 = Release|Any CPU
	EndGlobalSection
	GlobalSection(SolutionProperties) = preSolution
		HideSolutionNode = FALSE
	EndGlobalSection
	GlobalSection(ExtensibilityGlobals) = postSolution
		SolutionGuid = {E6FE1D54-DE0D-4268-BA7A-CD45DAED6F14}
	EndGlobalSection
EndGlobal
